
Microsoft Visual Studio Solution File, Format Version 12.00
# Visual Studio Version 16
VisualStudioVersion = 16.0.29519.181
MinimumVisualStudioVersion = 10.0.40219.1
Project("{FAE04EC0-301F-11D3-BF4B-00C04F79EFBC}") = "CrawlWebsite", "CrawlWebsite\CrawlWebsite.csproj", "{F1BACF09-DACC-4333-A04F-E56C8779DF28}"
EndProject
Global
	GlobalSection(SolutionConfigurationPlatforms) = preSolution
		Debug|Any CPU = Debug|Any CPU
		Release|Any CPU = Release|Any CPU
	EndGlobalSection
	GlobalSection(ProjectConfigurationPlatforms) = postSolution
		{F1BACF09-DACC-4333-A04F-E56C8779DF28}.Debug|Any CPU.ActiveCfg = Debug|Any CPU
		{F1BACF09-DACC-4333-A04F-E56C8779DF28}.Debug|Any CPU.Build.0 = Debug|Any CPU
		{F1BACF09-DACC-4333-A04F-E56C8779DF28}.Release|Any CPU.ActiveCfg = Release|Any CPU
		{F1BACF09-DACC-4333-A04F-E56C8779DF28}.Release|Any CPU.Build.0 = Release|Any CPU
	EndGlobalSection
	GlobalSection(SolutionProperties) = preSolution
		HideSolutionNode = FALSE
	EndGlobalSection
	GlobalSection(ExtensibilityGlobals) = postSolution
		SolutionGuid = {63FF2760-4DD2-4243-B6D9-18459B1C8908}
	EndGlobalSection
EndGlobal
